
Microsoft Visual Studio Solution File, Format Version 12.00
# Visual Studio Version 17
VisualStudioVersion = 17.9.34607.119
MinimumVisualStudioVersion = 10.0.40219.1
Project("{FAE04EC0-301F-11D3-BF4B-00C04F79EFBC}") = "Keszthely", "Keszthely\Keszthely.csproj", "{9095450D-7917-4BCC-B1BE-2982B01A247A}"
EndProject
Global
	GlobalSection(SolutionConfigurationPlatforms) = preSolution
		Debug|Any CPU = Debug|Any CPU
		Release|Any CPU = Release|Any CPU
	EndGlobalSection
	GlobalSection(ProjectConfigurationPlatforms) = postSolution
		{9095450D-7917-4BCC-B1BE-2982B01A247A}.Debug|Any CPU.ActiveCfg = Debug|Any CPU
		{9095450D-7917-4BCC-B1BE-2982B01A247A}.Debug|Any CPU.Build.0 = Debug|Any CPU
		{9095450D-7917-4BCC-B1BE-2982B01A247A}.Release|Any CPU.ActiveCfg = Release|Any CPU
		{9095450D-7917-4BCC-B1BE-2982B01A247A}.Release|Any CPU.Build.0 = Release|Any CPU
	EndGlobalSection
	GlobalSection(SolutionProperties) = preSolution
		HideSolutionNode = FALSE
	EndGlobalSection
	GlobalSection(ExtensibilityGlobals) = postSolution
		SolutionGuid = {12595FDB-4E23-47A3-B7CC-BD25AE79AA02}
	EndGlobalSection
EndGlobal
